// !$*UTF8*$!
{
	archiveVersion = 1;
	classes = {
	};
	objectVersion = 56;
	objects = {

/* Begin PBXBuildFile section */
		944E46C6295176F6005EF121 /* Snow_D.json in Resources */ = {isa = PBXBuildFile; fileRef = 944E46B2295176EF005EF121 /* Snow_D.json */; };
		944E46C7295176F6005EF121 /* Cloud_1D.json in Resources */ = {isa = PBXBuildFile; fileRef = 944E46B3295176EF005EF121 /* Cloud_1D.json */; };
		944E46C8295176F6005EF121 /* Clear_N.json in Resources */ = {isa = PBXBuildFile; fileRef = 944E46B4295176EF005EF121 /* Clear_N.json */; };
		944E46C9295176F6005EF121 /* Storm_D.json in Resources */ = {isa = PBXBuildFile; fileRef = 944E46B5295176F0005EF121 /* Storm_D.json */; };
		944E46CA295176F6005EF121 /* Rain_1D.json in Resources */ = {isa = PBXBuildFile; fileRef = 944E46B6295176F0005EF121 /* Rain_1D.json */; };
		944E46CB295176F6005EF121 /* Cloud_1N.json in Resources */ = {isa = PBXBuildFile; fileRef = 944E46B7295176F1005EF121 /* Cloud_1N.json */; };
		944E46CC295176F6005EF121 /* Rain_3N.json in Resources */ = {isa = PBXBuildFile; fileRef = 944E46B8295176F1005EF121 /* Rain_3N.json */; };
		944E46CD295176F6005EF121 /* CloudRainSnow_N.json in Resources */ = {isa = PBXBuildFile; fileRef = 944E46B9295176F2005EF121 /* CloudRainSnow_N.json */; };
		944E46CE295176F6005EF121 /* Cloud_2N.json in Resources */ = {isa = PBXBuildFile; fileRef = 944E46BA295176F2005EF121 /* Cloud_2N.json */; };
		944E46CF295176F6005EF121 /* Snow_N.json in Resources */ = {isa = PBXBuildFile; fileRef = 944E46BB295176F3005EF121 /* Snow_N.json */; };
		944E46D0295176F6005EF121 /* СloudRainSnow_D.json in Resources */ = {isa = PBXBuildFile; fileRef = 944E46BC295176F3005EF121 /* СloudRainSnow_D.json */; };
		944E46D1295176F6005EF121 /* Rain_2D.json in Resources */ = {isa = PBXBuildFile; fileRef = 944E46BD295176F3005EF121 /* Rain_2D.json */; };
		944E46D2295176F6005EF121 /* Rain_3D.json in Resources */ = {isa = PBXBuildFile; fileRef = 944E46BE295176F4005EF121 /* Rain_3D.json */; };
		944E46D3295176F6005EF121 /* Storm_N.json in Resources */ = {isa = PBXBuildFile; fileRef = 944E46BF295176F4005EF121 /* Storm_N.json */; };
		944E46D4295176F6005EF121 /* Fog_DN.json in Resources */ = {isa = PBXBuildFile; fileRef = 944E46C0295176F5005EF121 /* Fog_DN.json */; };
		944E46D5295176F6005EF121 /* СloudSnow_D.json in Resources */ = {isa = PBXBuildFile; fileRef = 944E46C1295176F5005EF121 /* СloudSnow_D.json */; };
		944E46D6295176F6005EF121 /* Cloud_2D.json in Resources */ = {isa = PBXBuildFile; fileRef = 944E46C2295176F5005EF121 /* Cloud_2D.json */; };
		944E46D7295176F6005EF121 /* Rain_2N.json in Resources */ = {isa = PBXBuildFile; fileRef = 944E46C3295176F5005EF121 /* Rain_2N.json */; };
		944E46D8295176F6005EF121 /* Clear_D.json in Resources */ = {isa = PBXBuildFile; fileRef = 944E46C4295176F6005EF121 /* Clear_D.json */; };
		944E46D9295176F6005EF121 /* СloudSnow_N.json in Resources */ = {isa = PBXBuildFile; fileRef = 944E46C5295176F6005EF121 /* СloudSnow_N.json */; };
		944E46DB29517E4C005EF121 /* WeatherAnimations.swift in Sources */ = {isa = PBXBuildFile; fileRef = 944E46DA29517E4C005EF121 /* WeatherAnimations.swift */; };
		944E46DD29518DE3005EF121 /* UIVisualEffectView + Extension.swift in Sources */ = {isa = PBXBuildFile; fileRef = 944E46DC29518DE3005EF121 /* UIVisualEffectView + Extension.swift */; };
		944E46E029519017005EF121 /* UIImageView + Extension.swift in Sources */ = {isa = PBXBuildFile; fileRef = 944E46DF29519017005EF121 /* UIImageView + Extension.swift */; };
		944F3FE02911D622000ACA3C /* SunsetAndSunriseCollectionViewCell.swift in Sources */ = {isa = PBXBuildFile; fileRef = 944F3FDF2911D622000ACA3C /* SunsetAndSunriseCollectionViewCell.swift */; };
		944F3FE32911DB84000ACA3C /* FiltersData.swift in Sources */ = {isa = PBXBuildFile; fileRef = 944F3FE22911DB84000ACA3C /* FiltersData.swift */; };
		944F3FE62911E2D4000ACA3C /* AirPollutionCollectionViewCell.swift in Sources */ = {isa = PBXBuildFile; fileRef = 944F3FE52911E2D4000ACA3C /* AirPollutionCollectionViewCell.swift */; };
		944F3FF22912F53C000ACA3C /* AirPollution.swift in Sources */ = {isa = PBXBuildFile; fileRef = 944F3FF12912F53C000ACA3C /* AirPollution.swift */; };
		945541112919C392000D10B1 /* WeatherIcon.swift in Sources */ = {isa = PBXBuildFile; fileRef = 945541102919C392000D10B1 /* WeatherIcon.swift */; };
		9455411A2919DA7F000D10B1 /* AirPollutionIndex.swift in Sources */ = {isa = PBXBuildFile; fileRef = 945541192919DA7F000D10B1 /* AirPollutionIndex.swift */; };
		9455411D291AA142000D10B1 /* ElementsCollectionViewCell.swift in Sources */ = {isa = PBXBuildFile; fileRef = 9455411C291AA142000D10B1 /* ElementsCollectionViewCell.swift */; };
		94859E39290EB0FC000DF4DD /* ForecastWeather.swift in Sources */ = {isa = PBXBuildFile; fileRef = 94859E38290EB0FC000DF4DD /* ForecastWeather.swift */; };
		94859E3F290F4A69000DF4DD /* FeelsLikeCollectionViewCell.swift in Sources */ = {isa = PBXBuildFile; fileRef = 94859E3E290F4A69000DF4DD /* FeelsLikeCollectionViewCell.swift */; };
		94859E41290F4A78000DF4DD /* VisibilityCollectionViewCell.swift in Sources */ = {isa = PBXBuildFile; fileRef = 94859E40290F4A78000DF4DD /* VisibilityCollectionViewCell.swift */; };
		94859E43290F4A84000DF4DD /* HumidityCollectionViewCell.swift in Sources */ = {isa = PBXBuildFile; fileRef = 94859E42290F4A84000DF4DD /* HumidityCollectionViewCell.swift */; };
		94859E48290F4F92000DF4DD /* PrecipitationCollectionViewCell.swift in Sources */ = {isa = PBXBuildFile; fileRef = 94859E47290F4F92000DF4DD /* PrecipitationCollectionViewCell.swift */; };
		94875B0228F872C000734B9D /* LocationManager.swift in Sources */ = {isa = PBXBuildFile; fileRef = 94875B0128F872C000734B9D /* LocationManager.swift */; };
		94875B0528F8766E00734B9D /* WeatherData.swift in Sources */ = {isa = PBXBuildFile; fileRef = 94875B0428F8766E00734B9D /* WeatherData.swift */; };
		949273172928346800B50A29 /* TimeConverter.swift in Sources */ = {isa = PBXBuildFile; fileRef = 949273162928346800B50A29 /* TimeConverter.swift */; };
		94927321292877F800B50A29 /* WeatherTabelSections.swift in Sources */ = {isa = PBXBuildFile; fileRef = 94927320292877F800B50A29 /* WeatherTabelSections.swift */; };
		9492732C29290A7300B50A29 /* FooterCollectionViewCell.swift in Sources */ = {isa = PBXBuildFile; fileRef = 9492732B29290A7300B50A29 /* FooterCollectionViewCell.swift */; };
		94BF664528F05C4800808D86 /* WindCollectionViewCell.swift in Sources */ = {isa = PBXBuildFile; fileRef = 94BF664428F05C4800808D86 /* WindCollectionViewCell.swift */; };
		94BF664728F05C7600808D86 /* PressureCollectionViewCell.swift in Sources */ = {isa = PBXBuildFile; fileRef = 94BF664628F05C7600808D86 /* PressureCollectionViewCell.swift */; };
		94BF664D28F060B000808D86 /* HeaderCollectionViewCell.swift in Sources */ = {isa = PBXBuildFile; fileRef = 94BF664C28F060B000808D86 /* HeaderCollectionViewCell.swift */; };
		94BF665228F067F800808D86 /* HourlyForecastCollectionViewCell.swift in Sources */ = {isa = PBXBuildFile; fileRef = 94BF665128F067F800808D86 /* HourlyForecastCollectionViewCell.swift */; };
		94BF665428F0680F00808D86 /* DayForecastCollectionViewCell.swift in Sources */ = {isa = PBXBuildFile; fileRef = 94BF665328F0680F00808D86 /* DayForecastCollectionViewCell.swift */; };
		94BF665728F06C8D00808D86 /* ForecastHoursCollectionViewCell.swift in Sources */ = {isa = PBXBuildFile; fileRef = 94BF665628F06C8D00808D86 /* ForecastHoursCollectionViewCell.swift */; };
		94BF665A28F0797200808D86 /* ForecastTableViewCell.swift in Sources */ = {isa = PBXBuildFile; fileRef = 94BF665928F0797200808D86 /* ForecastTableViewCell.swift */; };
		94E8BE7E28F98F2F00D88834 /* Constants.swift in Sources */ = {isa = PBXBuildFile; fileRef = 94E8BE7D28F98F2F00D88834 /* Constants.swift */; };
		94E8BE8428F9A18000D88834 /* NetworkWeatherManager.swift in Sources */ = {isa = PBXBuildFile; fileRef = 94E8BE8328F9A18000D88834 /* NetworkWeatherManager.swift */; };
		94E8BE8728F9A25500D88834 /* CurrentWeather.swift in Sources */ = {isa = PBXBuildFile; fileRef = 94E8BE8628F9A25500D88834 /* CurrentWeather.swift */; };
		94F20CBD28EDC37100E4C0BB /* AppDelegate.swift in Sources */ = {isa = PBXBuildFile; fileRef = 94F20CBC28EDC37100E4C0BB /* AppDelegate.swift */; };
		94F20CBF28EDC37100E4C0BB /* SceneDelegate.swift in Sources */ = {isa = PBXBuildFile; fileRef = 94F20CBE28EDC37100E4C0BB /* SceneDelegate.swift */; };
		94F20CC728EDC37100E4C0BB /* WeatherApp.xcdatamodeld in Sources */ = {isa = PBXBuildFile; fileRef = 94F20CC528EDC37100E4C0BB /* WeatherApp.xcdatamodeld */; };
		94F20CC928EDC37300E4C0BB /* Assets.xcassets in Resources */ = {isa = PBXBuildFile; fileRef = 94F20CC828EDC37300E4C0BB /* Assets.xcassets */; };
		94F20CCC28EDC37300E4C0BB /* LaunchScreen.storyboard in Resources */ = {isa = PBXBuildFile; fileRef = 94F20CCA28EDC37300E4C0BB /* LaunchScreen.storyboard */; };
		94F20CDB28EDC42D00E4C0BB /* WeatherViewController.swift in Sources */ = {isa = PBXBuildFile; fileRef = 94F20CDA28EDC42D00E4C0BB /* WeatherViewController.swift */; };
		94F20CE428EDC4CC00E4C0BB /* Lottie in Frameworks */ = {isa = PBXBuildFile; productRef = 94F20CE328EDC4CC00E4C0BB /* Lottie */; };
/* End PBXBuildFile section */

/* Begin PBXFileReference section */
		944E46B2295176EF005EF121 /* Snow_D.json */ = {isa = PBXFileReference; fileEncoding = 4; lastKnownFileType = text.json; path = Snow_D.json; sourceTree = "<group>"; };
		944E46B3295176EF005EF121 /* Cloud_1D.json */ = {isa = PBXFileReference; fileEncoding = 4; lastKnownFileType = text.json; path = Cloud_1D.json; sourceTree = "<group>"; };
		944E46B4295176EF005EF121 /* Clear_N.json */ = {isa = PBXFileReference; fileEncoding = 4; lastKnownFileType = text.json; path = Clear_N.json; sourceTree = "<group>"; };
		944E46B5295176F0005EF121 /* Storm_D.json */ = {isa = PBXFileReference; fileEncoding = 4; lastKnownFileType = text.json; path = Storm_D.json; sourceTree = "<group>"; };
		944E46B6295176F0005EF121 /* Rain_1D.json */ = {isa = PBXFileReference; fileEncoding = 4; lastKnownFileType = text.json; path = Rain_1D.json; sourceTree = "<group>"; };
		944E46B7295176F1005EF121 /* Cloud_1N.json */ = {isa = PBXFileReference; fileEncoding = 4; lastKnownFileType = text.json; path = Cloud_1N.json; sourceTree = "<group>"; };
		944E46B8295176F1005EF121 /* Rain_3N.json */ = {isa = PBXFileReference; fileEncoding = 4; lastKnownFileType = text.json; path = Rain_3N.json; sourceTree = "<group>"; };
		944E46B9295176F2005EF121 /* CloudRainSnow_N.json */ = {isa = PBXFileReference; fileEncoding = 4; lastKnownFileType = text.json; path = CloudRainSnow_N.json; sourceTree = "<group>"; };
		944E46BA295176F2005EF121 /* Cloud_2N.json */ = {isa = PBXFileReference; fileEncoding = 4; lastKnownFileType = text.json; path = Cloud_2N.json; sourceTree = "<group>"; };
		944E46BB295176F3005EF121 /* Snow_N.json */ = {isa = PBXFileReference; fileEncoding = 4; lastKnownFileType = text.json; path = Snow_N.json; sourceTree = "<group>"; };
		944E46BC295176F3005EF121 /* СloudRainSnow_D.json */ = {isa = PBXFileReference; fileEncoding = 4; lastKnownFileType = text.json; path = "СloudRainSnow_D.json"; sourceTree = "<group>"; };
		944E46BD295176F3005EF121 /* Rain_2D.json */ = {isa = PBXFileReference; fileEncoding = 4; lastKnownFileType = text.json; path = Rain_2D.json; sourceTree = "<group>"; };
		944E46BE295176F4005EF121 /* Rain_3D.json */ = {isa = PBXFileReference; fileEncoding = 4; lastKnownFileType = text.json; path = Rain_3D.json; sourceTree = "<group>"; };
		944E46BF295176F4005EF121 /* Storm_N.json */ = {isa = PBXFileReference; fileEncoding = 4; lastKnownFileType = text.json; path = Storm_N.json; sourceTree = "<group>"; };
		944E46C0295176F5005EF121 /* Fog_DN.json */ = {isa = PBXFileReference; fileEncoding = 4; lastKnownFileType = text.json; path = Fog_DN.json; sourceTree = "<group>"; };
		944E46C1295176F5005EF121 /* СloudSnow_D.json */ = {isa = PBXFileReference; fileEncoding = 4; lastKnownFileType = text.json; path = "СloudSnow_D.json"; sourceTree = "<group>"; };
		944E46C2295176F5005EF121 /* Cloud_2D.json */ = {isa = PBXFileReference; fileEncoding = 4; lastKnownFileType = text.json; path = Cloud_2D.json; sourceTree = "<group>"; };
		944E46C3295176F5005EF121 /* Rain_2N.json */ = {isa = PBXFileReference; fileEncoding = 4; lastKnownFileType = text.json; path = Rain_2N.json; sourceTree = "<group>"; };
		944E46C4295176F6005EF121 /* Clear_D.json */ = {isa = PBXFileReference; fileEncoding = 4; lastKnownFileType = text.json; path = Clear_D.json; sourceTree = "<group>"; };
		944E46C5295176F6005EF121 /* СloudSnow_N.json */ = {isa = PBXFileReference; fileEncoding = 4; lastKnownFileType = text.json; path = "СloudSnow_N.json"; sourceTree = "<group>"; };
		944E46DA29517E4C005EF121 /* WeatherAnimations.swift */ = {isa = PBXFileReference; lastKnownFileType = sourcecode.swift; name = WeatherAnimations.swift; path = ../../../../IChatApp/IChatApp/Extensions/UIKit/WeatherAnimations.swift; sourceTree = "<group>"; };
		944E46DC29518DE3005EF121 /* UIVisualEffectView + Extension.swift */ = {isa = PBXFileReference; lastKnownFileType = sourcecode.swift; path = "UIVisualEffectView + Extension.swift"; sourceTree = "<group>"; };
		944E46DF29519017005EF121 /* UIImageView + Extension.swift */ = {isa = PBXFileReference; lastKnownFileType = sourcecode.swift; path = "UIImageView + Extension.swift"; sourceTree = "<group>"; };
		944F3FDF2911D622000ACA3C /* SunsetAndSunriseCollectionViewCell.swift */ = {isa = PBXFileReference; lastKnownFileType = sourcecode.swift; path = SunsetAndSunriseCollectionViewCell.swift; sourceTree = "<group>"; };
		944F3FE22911DB84000ACA3C /* FiltersData.swift */ = {isa = PBXFileReference; lastKnownFileType = sourcecode.swift; path = FiltersData.swift; sourceTree = "<group>"; };
		944F3FE52911E2D4000ACA3C /* AirPollutionCollectionViewCell.swift */ = {isa = PBXFileReference; lastKnownFileType = sourcecode.swift; path = AirPollutionCollectionViewCell.swift; sourceTree = "<group>"; };
		944F3FF12912F53C000ACA3C /* AirPollution.swift */ = {isa = PBXFileReference; lastKnownFileType = sourcecode.swift; path = AirPollution.swift; sourceTree = "<group>"; };
		945541102919C392000D10B1 /* WeatherIcon.swift */ = {isa = PBXFileReference; lastKnownFileType = sourcecode.swift; path = WeatherIcon.swift; sourceTree = "<group>"; };
		945541192919DA7F000D10B1 /* AirPollutionIndex.swift */ = {isa = PBXFileReference; lastKnownFileType = sourcecode.swift; path = AirPollutionIndex.swift; sourceTree = "<group>"; };
		9455411C291AA142000D10B1 /* ElementsCollectionViewCell.swift */ = {isa = PBXFileReference; lastKnownFileType = sourcecode.swift; path = ElementsCollectionViewCell.swift; sourceTree = "<group>"; };
		94859E38290EB0FC000DF4DD /* ForecastWeather.swift */ = {isa = PBXFileReference; lastKnownFileType = sourcecode.swift; path = ForecastWeather.swift; sourceTree = "<group>"; };
		94859E3E290F4A69000DF4DD /* FeelsLikeCollectionViewCell.swift */ = {isa = PBXFileReference; lastKnownFileType = sourcecode.swift; path = FeelsLikeCollectionViewCell.swift; sourceTree = "<group>"; };
		94859E40290F4A78000DF4DD /* VisibilityCollectionViewCell.swift */ = {isa = PBXFileReference; lastKnownFileType = sourcecode.swift; path = VisibilityCollectionViewCell.swift; sourceTree = "<group>"; };
		94859E42290F4A84000DF4DD /* HumidityCollectionViewCell.swift */ = {isa = PBXFileReference; lastKnownFileType = sourcecode.swift; path = HumidityCollectionViewCell.swift; sourceTree = "<group>"; };
		94859E47290F4F92000DF4DD /* PrecipitationCollectionViewCell.swift */ = {isa = PBXFileReference; lastKnownFileType = sourcecode.swift; path = PrecipitationCollectionViewCell.swift; sourceTree = "<group>"; };
		94875B0128F872C000734B9D /* LocationManager.swift */ = {isa = PBXFileReference; lastKnownFileType = sourcecode.swift; path = LocationManager.swift; sourceTree = "<group>"; };
		94875B0428F8766E00734B9D /* WeatherData.swift */ = {isa = PBXFileReference; lastKnownFileType = sourcecode.swift; path = WeatherData.swift; sourceTree = "<group>"; };
		949273162928346800B50A29 /* TimeConverter.swift */ = {isa = PBXFileReference; lastKnownFileType = sourcecode.swift; path = TimeConverter.swift; sourceTree = "<group>"; };
		94927320292877F800B50A29 /* WeatherTabelSections.swift */ = {isa = PBXFileReference; lastKnownFileType = sourcecode.swift; path = WeatherTabelSections.swift; sourceTree = "<group>"; };
		9492732B29290A7300B50A29 /* FooterCollectionViewCell.swift */ = {isa = PBXFileReference; lastKnownFileType = sourcecode.swift; path = FooterCollectionViewCell.swift; sourceTree = "<group>"; };
		94BF664428F05C4800808D86 /* WindCollectionViewCell.swift */ = {isa = PBXFileReference; lastKnownFileType = sourcecode.swift; path = WindCollectionViewCell.swift; sourceTree = "<group>"; };
		94BF664628F05C7600808D86 /* PressureCollectionViewCell.swift */ = {isa = PBXFileReference; lastKnownFileType = sourcecode.swift; path = PressureCollectionViewCell.swift; sourceTree = "<group>"; };
		94BF664C28F060B000808D86 /* HeaderCollectionViewCell.swift */ = {isa = PBXFileReference; lastKnownFileType = sourcecode.swift; path = HeaderCollectionViewCell.swift; sourceTree = "<group>"; };
		94BF665128F067F800808D86 /* HourlyForecastCollectionViewCell.swift */ = {isa = PBXFileReference; lastKnownFileType = sourcecode.swift; path = HourlyForecastCollectionViewCell.swift; sourceTree = "<group>"; };
		94BF665328F0680F00808D86 /* DayForecastCollectionViewCell.swift */ = {isa = PBXFileReference; lastKnownFileType = sourcecode.swift; path = DayForecastCollectionViewCell.swift; sourceTree = "<group>"; };
		94BF665628F06C8D00808D86 /* ForecastHoursCollectionViewCell.swift */ = {isa = PBXFileReference; lastKnownFileType = sourcecode.swift; path = ForecastHoursCollectionViewCell.swift; sourceTree = "<group>"; };
		94BF665928F0797200808D86 /* ForecastTableViewCell.swift */ = {isa = PBXFileReference; lastKnownFileType = sourcecode.swift; path = ForecastTableViewCell.swift; sourceTree = "<group>"; };
		94E8BE7D28F98F2F00D88834 /* Constants.swift */ = {isa = PBXFileReference; lastKnownFileType = sourcecode.swift; path = Constants.swift; sourceTree = "<group>"; };
		94E8BE8328F9A18000D88834 /* NetworkWeatherManager.swift */ = {isa = PBXFileReference; lastKnownFileType = sourcecode.swift; path = NetworkWeatherManager.swift; sourceTree = "<group>"; };
		94E8BE8628F9A25500D88834 /* CurrentWeather.swift */ = {isa = PBXFileReference; lastKnownFileType = sourcecode.swift; path = CurrentWeather.swift; sourceTree = "<group>"; };
		94F20CB928EDC37100E4C0BB /* WeatherApp.app */ = {isa = PBXFileReference; explicitFileType = wrapper.application; includeInIndex = 0; path = WeatherApp.app; sourceTree = BUILT_PRODUCTS_DIR; };
		94F20CBC28EDC37100E4C0BB /* AppDelegate.swift */ = {isa = PBXFileReference; lastKnownFileType = sourcecode.swift; path = AppDelegate.swift; sourceTree = "<group>"; };
		94F20CBE28EDC37100E4C0BB /* SceneDelegate.swift */ = {isa = PBXFileReference; lastKnownFileType = sourcecode.swift; path = SceneDelegate.swift; sourceTree = "<group>"; };
		94F20CC628EDC37100E4C0BB /* WeatherApp.xcdatamodel */ = {isa = PBXFileReference; lastKnownFileType = wrapper.xcdatamodel; path = WeatherApp.xcdatamodel; sourceTree = "<group>"; };
		94F20CC828EDC37300E4C0BB /* Assets.xcassets */ = {isa = PBXFileReference; lastKnownFileType = folder.assetcatalog; path = Assets.xcassets; sourceTree = "<group>"; };
		94F20CCB28EDC37300E4C0BB /* Base */ = {isa = PBXFileReference; lastKnownFileType = file.storyboard; name = Base; path = Base.lproj/LaunchScreen.storyboard; sourceTree = "<group>"; };
		94F20CCD28EDC37300E4C0BB /* Info.plist */ = {isa = PBXFileReference; lastKnownFileType = text.plist.xml; path = Info.plist; sourceTree = "<group>"; };
		94F20CDA28EDC42D00E4C0BB /* WeatherViewController.swift */ = {isa = PBXFileReference; lastKnownFileType = sourcecode.swift; path = WeatherViewController.swift; sourceTree = "<group>"; };
/* End PBXFileReference section */

/* Begin PBXFrameworksBuildPhase section */
		94F20CB628EDC37100E4C0BB /* Frameworks */ = {
			isa = PBXFrameworksBuildPhase;
			buildActionMask = 2147483647;
			files = (
				94F20CE428EDC4CC00E4C0BB /* Lottie in Frameworks */,
			);
			runOnlyForDeploymentPostprocessing = 0;
		};
/* End PBXFrameworksBuildPhase section */

/* Begin PBXGroup section */
		94421BD828EDC53E00A36DD4 /* Lottie Animation */ = {
			isa = PBXGroup;
			children = (
				944E46BC295176F3005EF121 /* СloudRainSnow_D.json */,
				944E46C1295176F5005EF121 /* СloudSnow_D.json */,
				944E46C5295176F6005EF121 /* СloudSnow_N.json */,
				944E46C4295176F6005EF121 /* Clear_D.json */,
				944E46B4295176EF005EF121 /* Clear_N.json */,
				944E46B3295176EF005EF121 /* Cloud_1D.json */,
				944E46B7295176F1005EF121 /* Cloud_1N.json */,
				944E46C2295176F5005EF121 /* Cloud_2D.json */,
				944E46BA295176F2005EF121 /* Cloud_2N.json */,
				944E46B9295176F2005EF121 /* CloudRainSnow_N.json */,
				944E46C0295176F5005EF121 /* Fog_DN.json */,
				944E46B6295176F0005EF121 /* Rain_1D.json */,
				944E46BD295176F3005EF121 /* Rain_2D.json */,
				944E46C3295176F5005EF121 /* Rain_2N.json */,
				944E46BE295176F4005EF121 /* Rain_3D.json */,
				944E46B8295176F1005EF121 /* Rain_3N.json */,
				944E46B2295176EF005EF121 /* Snow_D.json */,
				944E46BB295176F3005EF121 /* Snow_N.json */,
				944E46B5295176F0005EF121 /* Storm_D.json */,
				944E46BF295176F4005EF121 /* Storm_N.json */,
			);
			path = "Lottie Animation";
			sourceTree = "<group>";
		};
		944E46AE2951743A005EF121 /* NetworkManager */ = {
			isa = PBXGroup;
			children = (
				94E8BE8328F9A18000D88834 /* NetworkWeatherManager.swift */,
			);
			path = NetworkManager;
			sourceTree = "<group>";
		};
		944E46B029517634005EF121 /* ConditionCodes */ = {
			isa = PBXGroup;
			children = (
				945541102919C392000D10B1 /* WeatherIcon.swift */,
				944E46DA29517E4C005EF121 /* WeatherAnimations.swift */,
				945541192919DA7F000D10B1 /* AirPollutionIndex.swift */,
			);
			path = ConditionCodes;
			sourceTree = "<group>";
		};
		944E46B129517680005EF121 /* Filtres */ = {
			isa = PBXGroup;
			children = (
				944F3FE22911DB84000ACA3C /* FiltersData.swift */,
			);
			path = Filtres;
			sourceTree = "<group>";
		};
		944E46DE29518DFD005EF121 /* Extension */ = {
			isa = PBXGroup;
			children = (
				944E46DC29518DE3005EF121 /* UIVisualEffectView + Extension.swift */,
				944E46DF29519017005EF121 /* UIImageView + Extension.swift */,
			);
			path = Extension;
			sourceTree = "<group>";
		};
		947F3B5928EF304700079761 /* Cell */ = {
			isa = PBXGroup;
			children = (
				94BF664C28F060B000808D86 /* HeaderCollectionViewCell.swift */,
				94BF665128F067F800808D86 /* HourlyForecastCollectionViewCell.swift */,
				94BF665328F0680F00808D86 /* DayForecastCollectionViewCell.swift */,
				944F3FE52911E2D4000ACA3C /* AirPollutionCollectionViewCell.swift */,
				944F3FDF2911D622000ACA3C /* SunsetAndSunriseCollectionViewCell.swift */,
				94BF664428F05C4800808D86 /* WindCollectionViewCell.swift */,
				94859E3E290F4A69000DF4DD /* FeelsLikeCollectionViewCell.swift */,
				94859E40290F4A78000DF4DD /* VisibilityCollectionViewCell.swift */,
				94859E42290F4A84000DF4DD /* HumidityCollectionViewCell.swift */,
				94859E47290F4F92000DF4DD /* PrecipitationCollectionViewCell.swift */,
				94BF664628F05C7600808D86 /* PressureCollectionViewCell.swift */,
				9492732B29290A7300B50A29 /* FooterCollectionViewCell.swift */,
			);
			path = Cell;
			sourceTree = "<group>";
		};
		94875B0028F8729600734B9D /* LocationManager */ = {
			isa = PBXGroup;
			children = (
				94875B0128F872C000734B9D /* LocationManager.swift */,
			);
			path = LocationManager;
			sourceTree = "<group>";
		};
		949273152928343100B50A29 /* Сonverters */ = {
			isa = PBXGroup;
			children = (
				949273162928346800B50A29 /* TimeConverter.swift */,
			);
			path = "Сonverters";
			sourceTree = "<group>";
		};
		94E8BE8528F9A18900D88834 /* Model */ = {
			isa = PBXGroup;
			children = (
				94875B0428F8766E00734B9D /* WeatherData.swift */,
				94E8BE8628F9A25500D88834 /* CurrentWeather.swift */,
				94859E38290EB0FC000DF4DD /* ForecastWeather.swift */,
				944F3FF12912F53C000ACA3C /* AirPollution.swift */,
				94927320292877F800B50A29 /* WeatherTabelSections.swift */,
			);
			path = Model;
			sourceTree = "<group>";
		};
		94F20CB028EDC37100E4C0BB = {
			isa = PBXGroup;
			children = (
				94F20CBB28EDC37100E4C0BB /* WeatherApp */,
				94F20CBA28EDC37100E4C0BB /* Products */,
			);
			sourceTree = "<group>";
		};
		94F20CBA28EDC37100E4C0BB /* Products */ = {
			isa = PBXGroup;
			children = (
				94F20CB928EDC37100E4C0BB /* WeatherApp.app */,
			);
			name = Products;
			sourceTree = "<group>";
		};
		94F20CBB28EDC37100E4C0BB /* WeatherApp */ = {
			isa = PBXGroup;
			children = (
				94F20CD428EDC3A700E4C0BB /* Supporting files */,
				94F20CD328EDC39D00E4C0BB /* Services */,
				94F20CD728EDC3D900E4C0BB /* Controllers */,
				944E46DE29518DFD005EF121 /* Extension */,
				94421BD828EDC53E00A36DD4 /* Lottie Animation */,
				94F20CCA28EDC37300E4C0BB /* LaunchScreen.storyboard */,
				94F20CC828EDC37300E4C0BB /* Assets.xcassets */,
				94F20CCD28EDC37300E4C0BB /* Info.plist */,
				94F20CC528EDC37100E4C0BB /* WeatherApp.xcdatamodeld */,
			);
			path = WeatherApp;
			sourceTree = "<group>";
		};
		94F20CD328EDC39D00E4C0BB /* Services */ = {
			isa = PBXGroup;
			children = (
				944E46AE2951743A005EF121 /* NetworkManager */,
				94875B0028F8729600734B9D /* LocationManager */,
				94E8BE8528F9A18900D88834 /* Model */,
				944E46B029517634005EF121 /* ConditionCodes */,
				944E46B129517680005EF121 /* Filtres */,
				949273152928343100B50A29 /* Сonverters */,
			);
			path = Services;
			sourceTree = "<group>";
		};
		94F20CD428EDC3A700E4C0BB /* Supporting files */ = {
			isa = PBXGroup;
			children = (
				94E8BE7D28F98F2F00D88834 /* Constants.swift */,
				94F20CBC28EDC37100E4C0BB /* AppDelegate.swift */,
				94F20CBE28EDC37100E4C0BB /* SceneDelegate.swift */,
			);
			path = "Supporting files";
			sourceTree = "<group>";
		};
		94F20CD728EDC3D900E4C0BB /* Controllers */ = {
			isa = PBXGroup;
			children = (
				94F20CDA28EDC42D00E4C0BB /* WeatherViewController.swift */,
				947F3B5928EF304700079761 /* Cell */,
				94F20CDD28EDC44200E4C0BB /* SectionsCell */,
			);
			path = Controllers;
			sourceTree = "<group>";
		};
		94F20CDD28EDC44200E4C0BB /* SectionsCell */ = {
			isa = PBXGroup;
			children = (
				94BF665628F06C8D00808D86 /* ForecastHoursCollectionViewCell.swift */,
				94BF665928F0797200808D86 /* ForecastTableViewCell.swift */,
				9455411C291AA142000D10B1 /* ElementsCollectionViewCell.swift */,
			);
			path = SectionsCell;
			sourceTree = "<group>";
		};
/* End PBXGroup section */

/* Begin PBXNativeTarget section */
		94F20CB828EDC37100E4C0BB /* WeatherApp */ = {
			isa = PBXNativeTarget;
			buildConfigurationList = 94F20CD028EDC37300E4C0BB /* Build configuration list for PBXNativeTarget "WeatherApp" */;
			buildPhases = (
				94F20CB528EDC37100E4C0BB /* Sources */,
				94F20CB628EDC37100E4C0BB /* Frameworks */,
				94F20CB728EDC37100E4C0BB /* Resources */,
			);
			buildRules = (
			);
			dependencies = (
			);
			name = WeatherApp;
			packageProductDependencies = (
				94F20CE328EDC4CC00E4C0BB /* Lottie */,
			);
			productName = WeatherApp;
			productReference = 94F20CB928EDC37100E4C0BB /* WeatherApp.app */;
			productType = "com.apple.product-type.application";
		};
/* End PBXNativeTarget section */

/* Begin PBXProject section */
		94F20CB128EDC37100E4C0BB /* Project object */ = {
			isa = PBXProject;
			attributes = {
				BuildIndependentTargetsInParallel = 1;
				LastSwiftUpdateCheck = 1400;
				LastUpgradeCheck = 1400;
				TargetAttributes = {
					94F20CB828EDC37100E4C0BB = {
						CreatedOnToolsVersion = 14.0.1;
					};
				};
			};
			buildConfigurationList = 94F20CB428EDC37100E4C0BB /* Build configuration list for PBXProject "WeatherApp" */;
			compatibilityVersion = "Xcode 14.0";
			developmentRegion = en;
			hasScannedForEncodings = 0;
			knownRegions = (
				en,
				Base,
			);
			mainGroup = 94F20CB028EDC37100E4C0BB;
			packageReferences = (
				94F20CE228EDC4CC00E4C0BB /* XCRemoteSwiftPackageReference "lottie-ios" */,
			);
			productRefGroup = 94F20CBA28EDC37100E4C0BB /* Products */;
			projectDirPath = "";
			projectRoot = "";
			targets = (
				94F20CB828EDC37100E4C0BB /* WeatherApp */,
			);
		};
/* End PBXProject section */

/* Begin PBXResourcesBuildPhase section */
		94F20CB728EDC37100E4C0BB /* Resources */ = {
			isa = PBXResourcesBuildPhase;
			buildActionMask = 2147483647;
			files = (
				94F20CCC28EDC37300E4C0BB /* LaunchScreen.storyboard in Resources */,
				944E46D5295176F6005EF121 /* СloudSnow_D.json in Resources */,
				944E46D0295176F6005EF121 /* СloudRainSnow_D.json in Resources */,
				944E46CB295176F6005EF121 /* Cloud_1N.json in Resources */,
				944E46D3295176F6005EF121 /* Storm_N.json in Resources */,
				944E46D7295176F6005EF121 /* Rain_2N.json in Resources */,
				944E46C6295176F6005EF121 /* Snow_D.json in Resources */,
				944E46D2295176F6005EF121 /* Rain_3D.json in Resources */,
				944E46D4295176F6005EF121 /* Fog_DN.json in Resources */,
				944E46CA295176F6005EF121 /* Rain_1D.json in Resources */,
				944E46C8295176F6005EF121 /* Clear_N.json in Resources */,
				944E46C7295176F6005EF121 /* Cloud_1D.json in Resources */,
				944E46C9295176F6005EF121 /* Storm_D.json in Resources */,
				944E46D1295176F6005EF121 /* Rain_2D.json in Resources */,
				944E46D8295176F6005EF121 /* Clear_D.json in Resources */,
				944E46CE295176F6005EF121 /* Cloud_2N.json in Resources */,
				94F20CC928EDC37300E4C0BB /* Assets.xcassets in Resources */,
				944E46CD295176F6005EF121 /* CloudRainSnow_N.json in Resources */,
				944E46D9295176F6005EF121 /* СloudSnow_N.json in Resources */,
				944E46CC295176F6005EF121 /* Rain_3N.json in Resources */,
				944E46D6295176F6005EF121 /* Cloud_2D.json in Resources */,
				944E46CF295176F6005EF121 /* Snow_N.json in Resources */,
			);
			runOnlyForDeploymentPostprocessing = 0;
		};
/* End PBXResourcesBuildPhase section */

/* Begin PBXSourcesBuildPhase section */
		94F20CB528EDC37100E4C0BB /* Sources */ = {
			isa = PBXSourcesBuildPhase;
			buildActionMask = 2147483647;
			files = (
				944F3FE32911DB84000ACA3C /* FiltersData.swift in Sources */,
				944F3FE02911D622000ACA3C /* SunsetAndSunriseCollectionViewCell.swift in Sources */,
				94BF665428F0680F00808D86 /* DayForecastCollectionViewCell.swift in Sources */,
				949273172928346800B50A29 /* TimeConverter.swift in Sources */,
				94BF665228F067F800808D86 /* HourlyForecastCollectionViewCell.swift in Sources */,
				944E46DB29517E4C005EF121 /* WeatherAnimations.swift in Sources */,
				94859E43290F4A84000DF4DD /* HumidityCollectionViewCell.swift in Sources */,
				9455411A2919DA7F000D10B1 /* AirPollutionIndex.swift in Sources */,
				9455411D291AA142000D10B1 /* ElementsCollectionViewCell.swift in Sources */,
				944F3FF22912F53C000ACA3C /* AirPollution.swift in Sources */,
				945541112919C392000D10B1 /* WeatherIcon.swift in Sources */,
				94875B0228F872C000734B9D /* LocationManager.swift in Sources */,
				94BF665A28F0797200808D86 /* ForecastTableViewCell.swift in Sources */,
				94F20CDB28EDC42D00E4C0BB /* WeatherViewController.swift in Sources */,
				94BF665728F06C8D00808D86 /* ForecastHoursCollectionViewCell.swift in Sources */,
				94859E48290F4F92000DF4DD /* PrecipitationCollectionViewCell.swift in Sources */,
				944E46DD29518DE3005EF121 /* UIVisualEffectView + Extension.swift in Sources */,
				94BF664528F05C4800808D86 /* WindCollectionViewCell.swift in Sources */,
				944E46E029519017005EF121 /* UIImageView + Extension.swift in Sources */,
				94F20CC728EDC37100E4C0BB /* WeatherApp.xcdatamodeld in Sources */,
				94E8BE8728F9A25500D88834 /* CurrentWeather.swift in Sources */,
				94BF664728F05C7600808D86 /* PressureCollectionViewCell.swift in Sources */,
				94BF664D28F060B000808D86 /* HeaderCollectionViewCell.swift in Sources */,
				94875B0528F8766E00734B9D /* WeatherData.swift in Sources */,
				94859E39290EB0FC000DF4DD /* ForecastWeather.swift in Sources */,
				94859E3F290F4A69000DF4DD /* FeelsLikeCollectionViewCell.swift in Sources */,
				944F3FE62911E2D4000ACA3C /* AirPollutionCollectionViewCell.swift in Sources */,
				94F20CBD28EDC37100E4C0BB /* AppDelegate.swift in Sources */,
				94927321292877F800B50A29 /* WeatherTabelSections.swift in Sources */,
				94859E41290F4A78000DF4DD /* VisibilityCollectionViewCell.swift in Sources */,
				94E8BE8428F9A18000D88834 /* NetworkWeatherManager.swift in Sources */,
				94F20CBF28EDC37100E4C0BB /* SceneDelegate.swift in Sources */,
				94E8BE7E28F98F2F00D88834 /* Constants.swift in Sources */,
				9492732C29290A7300B50A29 /* FooterCollectionViewCell.swift in Sources */,
			);
			runOnlyForDeploymentPostprocessing = 0;
		};
/* End PBXSourcesBuildPhase section */

/* Begin PBXVariantGroup section */
		94F20CCA28EDC37300E4C0BB /* LaunchScreen.storyboard */ = {
			isa = PBXVariantGroup;
			children = (
				94F20CCB28EDC37300E4C0BB /* Base */,
			);
			name = LaunchScreen.storyboard;
			sourceTree = "<group>";
		};
/* End PBXVariantGroup section */

/* Begin XCBuildConfiguration section */
		94F20CCE28EDC37300E4C0BB /* Debug */ = {
			isa = XCBuildConfiguration;
			buildSettings = {
				ALWAYS_SEARCH_USER_PATHS = NO;
				CLANG_ANALYZER_NONNULL = YES;
				CLANG_ANALYZER_NUMBER_OBJECT_CONVERSION = YES_AGGRESSIVE;
				CLANG_CXX_LANGUAGE_STANDARD = "gnu++20";
				CLANG_ENABLE_MODULES = YES;
				CLANG_ENABLE_OBJC_ARC = YES;
				CLANG_ENABLE_OBJC_WEAK = YES;
				CLANG_WARN_BLOCK_CAPTURE_AUTORELEASING = YES;
				CLANG_WARN_BOOL_CONVERSION = YES;
				CLANG_WARN_COMMA = YES;
				CLANG_WARN_CONSTANT_CONVERSION = YES;
				CLANG_WARN_DEPRECATED_OBJC_IMPLEMENTATIONS = YES;
				CLANG_WARN_DIRECT_OBJC_ISA_USAGE = YES_ERROR;
				CLANG_WARN_DOCUMENTATION_COMMENTS = YES;
				CLANG_WARN_EMPTY_BODY = YES;
				CLANG_WARN_ENUM_CONVERSION = YES;
				CLANG_WARN_INFINITE_RECURSION = YES;
				CLANG_WARN_INT_CONVERSION = YES;
				CLANG_WARN_NON_LITERAL_NULL_CONVERSION = YES;
				CLANG_WARN_OBJC_IMPLICIT_RETAIN_SELF = YES;
				CLANG_WARN_OBJC_LITERAL_CONVERSION = YES;
				CLANG_WARN_OBJC_ROOT_CLASS = YES_ERROR;
				CLANG_WARN_QUOTED_INCLUDE_IN_FRAMEWORK_HEADER = YES;
				CLANG_WARN_RANGE_LOOP_ANALYSIS = YES;
				CLANG_WARN_STRICT_PROTOTYPES = YES;
				CLANG_WARN_SUSPICIOUS_MOVE = YES;
				CLANG_WARN_UNGUARDED_AVAILABILITY = YES_AGGRESSIVE;
				CLANG_WARN_UNREACHABLE_CODE = YES;
				CLANG_WARN__DUPLICATE_METHOD_MATCH = YES;
				COPY_PHASE_STRIP = NO;
				DEBUG_INFORMATION_FORMAT = dwarf;
				ENABLE_STRICT_OBJC_MSGSEND = YES;
				ENABLE_TESTABILITY = YES;
				GCC_C_LANGUAGE_STANDARD = gnu11;
				GCC_DYNAMIC_NO_PIC = NO;
				GCC_NO_COMMON_BLOCKS = YES;
				GCC_OPTIMIZATION_LEVEL = 0;
				GCC_PREPROCESSOR_DEFINITIONS = (
					"DEBUG=1",
					"$(inherited)",
				);
				GCC_WARN_64_TO_32_BIT_CONVERSION = YES;
				GCC_WARN_ABOUT_RETURN_TYPE = YES_ERROR;
				GCC_WARN_UNDECLARED_SELECTOR = YES;
				GCC_WARN_UNINITIALIZED_AUTOS = YES_AGGRESSIVE;
				GCC_WARN_UNUSED_FUNCTION = YES;
				GCC_WARN_UNUSED_VARIABLE = YES;
				IPHONEOS_DEPLOYMENT_TARGET = 16.0;
				MTL_ENABLE_DEBUG_INFO = INCLUDE_SOURCE;
				MTL_FAST_MATH = YES;
				ONLY_ACTIVE_ARCH = YES;
				SDKROOT = iphoneos;
				SWIFT_ACTIVE_COMPILATION_CONDITIONS = DEBUG;
				SWIFT_OPTIMIZATION_LEVEL = "-Onone";
			};
			name = Debug;
		};
		94F20CCF28EDC37300E4C0BB /* Release */ = {
			isa = XCBuildConfiguration;
			buildSettings = {
				ALWAYS_SEARCH_USER_PATHS = NO;
				CLANG_ANALYZER_NONNULL = YES;
				CLANG_ANALYZER_NUMBER_OBJECT_CONVERSION = YES_AGGRESSIVE;
				CLANG_CXX_LANGUAGE_STANDARD = "gnu++20";
				CLANG_ENABLE_MODULES = YES;
				CLANG_ENABLE_OBJC_ARC = YES;
				CLANG_ENABLE_OBJC_WEAK = YES;
				CLANG_WARN_BLOCK_CAPTURE_AUTORELEASING = YES;
				CLANG_WARN_BOOL_CONVERSION = YES;
				CLANG_WARN_COMMA = YES;
				CLANG_WARN_CONSTANT_CONVERSION = YES;
				CLANG_WARN_DEPRECATED_OBJC_IMPLEMENTATIONS = YES;
				CLANG_WARN_DIRECT_OBJC_ISA_USAGE = YES_ERROR;
				CLANG_WARN_DOCUMENTATION_COMMENTS = YES;
				CLANG_WARN_EMPTY_BODY = YES;
				CLANG_WARN_ENUM_CONVERSION = YES;
				CLANG_WARN_INFINITE_RECURSION = YES;
				CLANG_WARN_INT_CONVERSION = YES;
				CLANG_WARN_NON_LITERAL_NULL_CONVERSION = YES;
				CLANG_WARN_OBJC_IMPLICIT_RETAIN_SELF = YES;
				CLANG_WARN_OBJC_LITERAL_CONVERSION = YES;
				CLANG_WARN_OBJC_ROOT_CLASS = YES_ERROR;
				CLANG_WARN_QUOTED_INCLUDE_IN_FRAMEWORK_HEADER = YES;
				CLANG_WARN_RANGE_LOOP_ANALYSIS = YES;
				CLANG_WARN_STRICT_PROTOTYPES = YES;
				CLANG_WARN_SUSPICIOUS_MOVE = YES;
				CLANG_WARN_UNGUARDED_AVAILABILITY = YES_AGGRESSIVE;
				CLANG_WARN_UNREACHABLE_CODE = YES;
				CLANG_WARN__DUPLICATE_METHOD_MATCH = YES;
				COPY_PHASE_STRIP = NO;
				DEBUG_INFORMATION_FORMAT = "dwarf-with-dsym";
				ENABLE_NS_ASSERTIONS = NO;
				ENABLE_STRICT_OBJC_MSGSEND = YES;
				GCC_C_LANGUAGE_STANDARD = gnu11;
				GCC_NO_COMMON_BLOCKS = YES;
				GCC_WARN_64_TO_32_BIT_CONVERSION = YES;
				GCC_WARN_ABOUT_RETURN_TYPE = YES_ERROR;
				GCC_WARN_UNDECLARED_SELECTOR = YES;
				GCC_WARN_UNINITIALIZED_AUTOS = YES_AGGRESSIVE;
				GCC_WARN_UNUSED_FUNCTION = YES;
				GCC_WARN_UNUSED_VARIABLE = YES;
				IPHONEOS_DEPLOYMENT_TARGET = 16.0;
				MTL_ENABLE_DEBUG_INFO = NO;
				MTL_FAST_MATH = YES;
				SDKROOT = iphoneos;
				SWIFT_COMPILATION_MODE = wholemodule;
				SWIFT_OPTIMIZATION_LEVEL = "-O";
				VALIDATE_PRODUCT = YES;
			};
			name = Release;
		};
		94F20CD128EDC37300E4C0BB /* Debug */ = {
			isa = XCBuildConfiguration;
			buildSettings = {
				ASSETCATALOG_COMPILER_APPICON_NAME = AppIcon;
				ASSETCATALOG_COMPILER_GLOBAL_ACCENT_COLOR_NAME = AccentColor;
				CODE_SIGN_STYLE = Automatic;
				CURRENT_PROJECT_VERSION = 1;
				DEVELOPMENT_TEAM = 5SQ9882RGS;
				GENERATE_INFOPLIST_FILE = YES;
				INFOPLIST_FILE = WeatherApp/Info.plist;
				INFOPLIST_KEY_UIApplicationSupportsIndirectInputEvents = YES;
				INFOPLIST_KEY_UILaunchStoryboardName = LaunchScreen;
				INFOPLIST_KEY_UISupportedInterfaceOrientations_iPad = "UIInterfaceOrientationPortrait UIInterfaceOrientationPortraitUpsideDown UIInterfaceOrientationLandscapeLeft UIInterfaceOrientationLandscapeRight";
				INFOPLIST_KEY_UISupportedInterfaceOrientations_iPhone = "UIInterfaceOrientationPortrait UIInterfaceOrientationLandscapeLeft UIInterfaceOrientationLandscapeRight";
				LD_RUNPATH_SEARCH_PATHS = (
					"$(inherited)",
					"@executable_path/Frameworks",
				);
				MARKETING_VERSION = 1.0;
				PRODUCT_BUNDLE_IDENTIFIER = edu.self.WeatherApp;
				PRODUCT_NAME = "$(TARGET_NAME)";
				SWIFT_EMIT_LOC_STRINGS = YES;
				SWIFT_VERSION = 5.0;
				TARGETED_DEVICE_FAMILY = "1,2";
			};
			name = Debug;
		};
		94F20CD228EDC37300E4C0BB /* Release */ = {
			isa = XCBuildConfiguration;
			buildSettings = {
				ASSETCATALOG_COMPILER_APPICON_NAME = AppIcon;
				ASSETCATALOG_COMPILER_GLOBAL_ACCENT_COLOR_NAME = AccentColor;
				CODE_SIGN_STYLE = Automatic;
				CURRENT_PROJECT_VERSION = 1;
				DEVELOPMENT_TEAM = 5SQ9882RGS;
				GENERATE_INFOPLIST_FILE = YES;
				INFOPLIST_FILE = WeatherApp/Info.plist;
				INFOPLIST_KEY_UIApplicationSupportsIndirectInputEvents = YES;
				INFOPLIST_KEY_UILaunchStoryboardName = LaunchScreen;
				INFOPLIST_KEY_UISupportedInterfaceOrientations_iPad = "UIInterfaceOrientationPortrait UIInterfaceOrientationPortraitUpsideDown UIInterfaceOrientationLandscapeLeft UIInterfaceOrientationLandscapeRight";
				INFOPLIST_KEY_UISupportedInterfaceOrientations_iPhone = "UIInterfaceOrientationPortrait UIInterfaceOrientationLandscapeLeft UIInterfaceOrientationLandscapeRight";
				LD_RUNPATH_SEARCH_PATHS = (
					"$(inherited)",
					"@executable_path/Frameworks",
				);
				MARKETING_VERSION = 1.0;
				PRODUCT_BUNDLE_IDENTIFIER = edu.self.WeatherApp;
				PRODUCT_NAME = "$(TARGET_NAME)";
				SWIFT_EMIT_LOC_STRINGS = YES;
				SWIFT_VERSION = 5.0;
				TARGETED_DEVICE_FAMILY = "1,2";
			};
			name = Release;
		};
/* End XCBuildConfiguration section */

/* Begin XCConfigurationList section */
		94F20CB428EDC37100E4C0BB /* Build configuration list for PBXProject "WeatherApp" */ = {
			isa = XCConfigurationList;
			buildConfigurations = (
				94F20CCE28EDC37300E4C0BB /* Debug */,
				94F20CCF28EDC37300E4C0BB /* Release */,
			);
			defaultConfigurationIsVisible = 0;
			defaultConfigurationName = Release;
		};
		94F20CD028EDC37300E4C0BB /* Build configuration list for PBXNativeTarget "WeatherApp" */ = {
			isa = XCConfigurationList;
			buildConfigurations = (
				94F20CD128EDC37300E4C0BB /* Debug */,
				94F20CD228EDC37300E4C0BB /* Release */,
			);
			defaultConfigurationIsVisible = 0;
			defaultConfigurationName = Release;
		};
/* End XCConfigurationList section */

/* Begin XCRemoteSwiftPackageReference section */
		94F20CE228EDC4CC00E4C0BB /* XCRemoteSwiftPackageReference "lottie-ios" */ = {
			isa = XCRemoteSwiftPackageReference;
			repositoryURL = "https://github.com/airbnb/lottie-ios";
			requirement = {
				branch = master;
				kind = branch;
			};
		};
/* End XCRemoteSwiftPackageReference section */

/* Begin XCSwiftPackageProductDependency section */
		94F20CE328EDC4CC00E4C0BB /* Lottie */ = {
			isa = XCSwiftPackageProductDependency;
			package = 94F20CE228EDC4CC00E4C0BB /* XCRemoteSwiftPackageReference "lottie-ios" */;
			productName = Lottie;
		};
/* End XCSwiftPackageProductDependency section */

/* Begin XCVersionGroup section */
		94F20CC528EDC37100E4C0BB /* WeatherApp.xcdatamodeld */ = {
			isa = XCVersionGroup;
			children = (
				94F20CC628EDC37100E4C0BB /* WeatherApp.xcdatamodel */,
			);
			currentVersion = 94F20CC628EDC37100E4C0BB /* WeatherApp.xcdatamodel */;
			path = WeatherApp.xcdatamodeld;
			sourceTree = "<group>";
			versionGroupType = wrapper.xcdatamodel;
		};
/* End XCVersionGroup section */
	};
	rootObject = 94F20CB128EDC37100E4C0BB /* Project object */;
}
